
Microsoft Visual Studio Solution File, Format Version 12.00
# Visual Studio Version 17
VisualStudioVersion = 17.14.36202.13 d17.14
MinimumVisualStudioVersion = 10.0.40219.1
Project("{FAE04EC0-301F-11D3-BF4B-00C04F79EFBC}") = "GitAssignment", "GitAssignment\GitAssignment.csproj", "{CCE600D1-DE18-49E1-A0AD-2BF98AEFC04E}"
EndProject
Global
	GlobalSection(SolutionConfigurationPlatforms) = preSolution
		Debug|Any CPU = Debug|Any CPU
		Release|Any CPU = Release|Any CPU
	EndGlobalSection
	GlobalSection(ProjectConfigurationPlatforms) = postSolution
		{CCE600D1-DE18-49E1-A0AD-2BF98AEFC04E}.Debug|Any CPU.ActiveCfg = Debug|Any CPU
		{CCE600D1-DE18-49E1-A0AD-2BF98AEFC04E}.Debug|Any CPU.Build.0 = Debug|Any CPU
		{CCE600D1-DE18-49E1-A0AD-2BF98AEFC04E}.Release|Any CPU.ActiveCfg = Release|Any CPU
		{CCE600D1-DE18-49E1-A0AD-2BF98AEFC04E}.Release|Any CPU.Build.0 = Release|Any CPU
	EndGlobalSection
	GlobalSection(SolutionProperties) = preSolution
		HideSolutionNode = FALSE
	EndGlobalSection
	GlobalSection(ExtensibilityGlobals) = postSolution
		SolutionGuid = {D82A79FB-FACE-483F-B75E-6B1B3D24511B}
	EndGlobalSection
EndGlobal
